// !$*UTF8*$!
{
	archiveVersion = 1;
	classes = {
	};
	objectVersion = 46;
	objects = {

/* Begin PBXBuildFile section */
		390415D0B0C239052F4D69C7 /* Pods_Tumblr.framework in Frameworks */ = {isa = PBXBuildFile; fileRef = 846001E7C8B8DEA4E86154C7 /* Pods_Tumblr.framework */; };
		846D13F31FB78BAB00445D15 /* AppDelegate.swift in Sources */ = {isa = PBXBuildFile; fileRef = 846D13F21FB78BAB00445D15 /* AppDelegate.swift */; };
		846D13F81FB78BAC00445D15 /* Main.storyboard in Resources */ = {isa = PBXBuildFile; fileRef = 846D13F61FB78BAC00445D15 /* Main.storyboard */; };
		846D13FA1FB78BAC00445D15 /* Assets.xcassets in Resources */ = {isa = PBXBuildFile; fileRef = 846D13F91FB78BAC00445D15 /* Assets.xcassets */; };
		846D13FD1FB78BAC00445D15 /* LaunchScreen.storyboard in Resources */ = {isa = PBXBuildFile; fileRef = 846D13FB1FB78BAC00445D15 /* LaunchScreen.storyboard */; };
		846D14051FB78E5700445D15 /* PhotosViewController.swift in Sources */ = {isa = PBXBuildFile; fileRef = 846D14041FB78E5700445D15 /* PhotosViewController.swift */; };
		846D14071FB792DB00445D15 /* PhotoCell.swift in Sources */ = {isa = PBXBuildFile; fileRef = 846D14061FB792DB00445D15 /* PhotoCell.swift */; };
/* End PBXBuildFile section */

/* Begin PBXFileReference section */
		54A55D42DA19D054105A5E60 /* Pods-Tumblr.release.xcconfig */ = {isa = PBXFileReference; includeInIndex = 1; lastKnownFileType = text.xcconfig; name = "Pods-Tumblr.release.xcconfig"; path = "Pods/Target Support Files/Pods-Tumblr/Pods-Tumblr.release.xcconfig"; sourceTree = "<group>"; };
		846001E7C8B8DEA4E86154C7 /* Pods_Tumblr.framework */ = {isa = PBXFileReference; explicitFileType = wrapper.framework; includeInIndex = 0; path = Pods_Tumblr.framework; sourceTree = BUILT_PRODUCTS_DIR; };
		846D13EF1FB78BAB00445D15 /* Tumblr.app */ = {isa = PBXFileReference; explicitFileType = wrapper.application; includeInIndex = 0; path = Tumblr.app; sourceTree = BUILT_PRODUCTS_DIR; };
		846D13F21FB78BAB00445D15 /* AppDelegate.swift */ = {isa = PBXFileReference; lastKnownFileType = sourcecode.swift; path = AppDelegate.swift; sourceTree = "<group>"; };
		846D13F71FB78BAC00445D15 /* Base */ = {isa = PBXFileReference; lastKnownFileType = file.storyboard; name = Base; path = Base.lproj/Main.storyboard; sourceTree = "<group>"; };
		846D13F91FB78BAC00445D15 /* Assets.xcassets */ = {isa = PBXFileReference; lastKnownFileType = folder.assetcatalog; path = Assets.xcassets; sourceTree = "<group>"; };
		846D13FC1FB78BAC00445D15 /* Base */ = {isa = PBXFileReference; lastKnownFileType = file.storyboard; name = Base; path = Base.lproj/LaunchScreen.storyboard; sourceTree = "<group>"; };
		846D13FE1FB78BAC00445D15 /* Info.plist */ = {isa = PBXFileReference; lastKnownFileType = text.plist.xml; path = Info.plist; sourceTree = "<group>"; };
		846D14041FB78E5700445D15 /* PhotosViewController.swift */ = {isa = PBXFileReference; fileEncoding = 4; lastKnownFileType = sourcecode.swift; path = PhotosViewController.swift; sourceTree = "<group>"; };
		846D14061FB792DB00445D15 /* PhotoCell.swift */ = {isa = PBXFileReference; fileEncoding = 4; lastKnownFileType = sourcecode.swift; path = PhotoCell.swift; sourceTree = "<group>"; };
		D016B3BEE5CFFEE3DB9F0F42 /* Pods-Tumblr.debug.xcconfig */ = {isa = PBXFileReference; includeInIndex = 1; lastKnownFileType = text.xcconfig; name = "Pods-Tumblr.debug.xcconfig"; path = "Pods/Target Support Files/Pods-Tumblr/Pods-Tumblr.debug.xcconfig"; sourceTree = "<group>"; };
/* End PBXFileReference section */

/* Begin PBXFrameworksBuildPhase section */
		846D13EC1FB78BAA00445D15 /* Frameworks */ = {
			isa = PBXFrameworksBuildPhase;
			buildActionMask = 2147483647;
			files = (
				390415D0B0C239052F4D69C7 /* Pods_Tumblr.framework in Frameworks */,
			);
			runOnlyForDeploymentPostprocessing = 0;
		};
/* End PBXFrameworksBuildPhase section */

/* Begin PBXGroup section */
		846D13E61FB78BAA00445D15 = {
			isa = PBXGroup;
			children = (
				846D13F11FB78BAB00445D15 /* Tumblr */,
				846D13F01FB78BAB00445D15 /* Products */,
				A2912059149B49C212FCA287 /* Pods */,
				F01E652254D22F9B58A2E7D6 /* Frameworks */,
			);
			sourceTree = "<group>";
		};
		846D13F01FB78BAB00445D15 /* Products */ = {
			isa = PBXGroup;
			children = (
				846D13EF1FB78BAB00445D15 /* Tumblr.app */,
			);
			name = Products;
			sourceTree = "<group>";
		};
		846D13F11FB78BAB00445D15 /* Tumblr */ = {
			isa = PBXGroup;
			children = (
				846D13F21FB78BAB00445D15 /* AppDelegate.swift */,
				846D13F61FB78BAC00445D15 /* Main.storyboard */,
				846D14061FB792DB00445D15 /* PhotoCell.swift */,
				846D14041FB78E5700445D15 /* PhotosViewController.swift */,
				846D13F91FB78BAC00445D15 /* Assets.xcassets */,
				846D13FB1FB78BAC00445D15 /* LaunchScreen.storyboard */,
				846D13FE1FB78BAC00445D15 /* Info.plist */,
			);
			path = Tumblr;
			sourceTree = "<group>";
		};
		A2912059149B49C212FCA287 /* Pods */ = {
			isa = PBXGroup;
			children = (
				D016B3BEE5CFFEE3DB9F0F42 /* Pods-Tumblr.debug.xcconfig */,
				54A55D42DA19D054105A5E60 /* Pods-Tumblr.release.xcconfig */,
			);
			name = Pods;
			sourceTree = "<group>";
		};
		F01E652254D22F9B58A2E7D6 /* Frameworks */ = {
			isa = PBXGroup;
			children = (
				846001E7C8B8DEA4E86154C7 /* Pods_Tumblr.framework */,
			);
			name = Frameworks;
			sourceTree = "<group>";
		};
/* End PBXGroup section */

/* Begin PBXNativeTarget section */
		846D13EE1FB78BAA00445D15 /* Tumblr */ = {
			isa = PBXNativeTarget;
			buildConfigurationList = 846D14011FB78BAC00445D15 /* Build configuration list for PBXNativeTarget "Tumblr" */;
			buildPhases = (
				EA97E640B788DDD793EE9EA6 /* [CP] Check Pods Manifest.lock */,
				846D13EB1FB78BAA00445D15 /* Sources */,
				846D13EC1FB78BAA00445D15 /* Frameworks */,
				846D13ED1FB78BAA00445D15 /* Resources */,
				84527F472928C7E5A8B6D706 /* [CP] Embed Pods Frameworks */,
				1FE3A227841D75A0FCDAE817 /* [CP] Copy Pods Resources */,
			);
			buildRules = (
			);
			dependencies = (
			);
			name = Tumblr;
			productName = Tumblr;
			productReference = 846D13EF1FB78BAB00445D15 /* Tumblr.app */;
			productType = "com.apple.product-type.application";
		};
/* End PBXNativeTarget section */

/* Begin PBXProject section */
		846D13E71FB78BAA00445D15 /* Project object */ = {
			isa = PBXProject;
			attributes = {
				LastSwiftUpdateCheck = 0820;
				LastUpgradeCheck = 0820;
				ORGANIZATIONNAME = JS;
				TargetAttributes = {
					846D13EE1FB78BAA00445D15 = {
						CreatedOnToolsVersion = 8.2.1;
						ProvisioningStyle = Automatic;
					};
				};
			};
			buildConfigurationList = 846D13EA1FB78BAA00445D15 /* Build configuration list for PBXProject "Tumblr" */;
			compatibilityVersion = "Xcode 3.2";
			developmentRegion = English;
			hasScannedForEncodings = 0;
			knownRegions = (
				en,
				Base,
			);
			mainGroup = 846D13E61FB78BAA00445D15;
			productRefGroup = 846D13F01FB78BAB00445D15 /* Products */;
			projectDirPath = "";
			projectRoot = "";
			targets = (
				846D13EE1FB78BAA00445D15 /* Tumblr */,
			);
		};
/* End PBXProject section */

/* Begin PBXResourcesBuildPhase section */
		846D13ED1FB78BAA00445D15 /* Resources */ = {
			isa = PBXResourcesBuildPhase;
			buildActionMask = 2147483647;
			files = (
				846D13FD1FB78BAC00445D15 /* LaunchScreen.storyboard in Resources */,
				846D13FA1FB78BAC00445D15 /* Assets.xcassets in Resources */,
				846D13F81FB78BAC00445D15 /* Main.storyboard in Resources */,
			);
			runOnlyForDeploymentPostprocessing = 0;
		};
/* End PBXResourcesBuildPhase section */

/* Begin PBXShellScriptBuildPhase section */
		1FE3A227841D75A0FCDAE817 /* [CP] Copy Pods Resources */ = {
			isa = PBXShellScriptBuildPhase;
			buildActionMask = 2147483647;
			files = (
			);
			inputPaths = (
			);
			name = "[CP] Copy Pods Resources";
			outputPaths = (
			);
			runOnlyForDeploymentPostprocessing = 0;
			shellPath = /bin/sh;
			shellScript = "\"${SRCROOT}/Pods/Target Support Files/Pods-Tumblr/Pods-Tumblr-resources.sh\"\n";
			showEnvVarsInLog = 0;
		};
		84527F472928C7E5A8B6D706 /* [CP] Embed Pods Frameworks */ = {
			isa = PBXShellScriptBuildPhase;
			buildActionMask = 2147483647;
			files = (
			);
			inputPaths = (
			);
			name = "[CP] Embed Pods Frameworks";
			outputPaths = (
			);
			runOnlyForDeploymentPostprocessing = 0;
			shellPath = /bin/sh;
			shellScript = "\"${SRCROOT}/Pods/Target Support Files/Pods-Tumblr/Pods-Tumblr-frameworks.sh\"\n";
			showEnvVarsInLog = 0;
		};
		EA97E640B788DDD793EE9EA6 /* [CP] Check Pods Manifest.lock */ = {
			isa = PBXShellScriptBuildPhase;
			buildActionMask = 2147483647;
			files = (
			);
			inputPaths = (
			);
			name = "[CP] Check Pods Manifest.lock";
			outputPaths = (
			);
			runOnlyForDeploymentPostprocessing = 0;
			shellPath = /bin/sh;
			shellScript = "diff \"${PODS_ROOT}/../Podfile.lock\" \"${PODS_ROOT}/Manifest.lock\" > /dev/null\nif [ $? != 0 ] ; then\n    # print error to STDERR\n    echo \"error: The sandbox is not in sync with the Podfile.lock. Run 'pod install' or update your CocoaPods installation.\" >&2\n    exit 1\nfi\n";
			showEnvVarsInLog = 0;
		};
/* End PBXShellScriptBuildPhase section */

/* Begin PBXSourcesBuildPhase section */
		846D13EB1FB78BAA00445D15 /* Sources */ = {
			isa = PBXSourcesBuildPhase;
			buildActionMask = 2147483647;
			files = (
				846D13F31FB78BAB00445D15 /* AppDelegate.swift in Sources */,
				846D14071FB792DB00445D15 /* PhotoCell.swift in Sources */,
				846D14051FB78E5700445D15 /* PhotosViewController.swift in Sources */,
			);
			runOnlyForDeploymentPostprocessing = 0;
		};
/* End PBXSourcesBuildPhase section */

/* Begin PBXVariantGroup section */
		846D13F61FB78BAC00445D15 /* Main.storyboard */ = {
			isa = PBXVariantGroup;
			children = (
				846D13F71FB78BAC00445D15 /* Base */,
			);
			name = Main.storyboard;
			sourceTree = "<group>";
		};
		846D13FB1FB78BAC00445D15 /* LaunchScreen.storyboard */ = {
			isa = PBXVariantGroup;
			children = (
				846D13FC1FB78BAC00445D15 /* Base */,
			);
			name = LaunchScreen.storyboard;
			sourceTree = "<group>";
		};
/* End PBXVariantGroup section */

/* Begin XCBuildConfiguration section */
		846D13FF1FB78BAC00445D15 /* Debug */ = {
			isa = XCBuildConfiguration;
			buildSettings = {
				ALWAYS_SEARCH_USER_PATHS = NO;
				CLANG_ANALYZER_NONNULL = YES;
				CLANG_CXX_LANGUAGE_STANDARD = "gnu++0x";
				CLANG_CXX_LIBRARY = "libc++";
				CLANG_ENABLE_MODULES = YES;
				CLANG_ENABLE_OBJC_ARC = YES;
				CLANG_WARN_BOOL_CONVERSION = YES;
				CLANG_WARN_CONSTANT_CONVERSION = YES;
				CLANG_WARN_DIRECT_OBJC_ISA_USAGE = YES_ERROR;
				CLANG_WARN_DOCUMENTATION_COMMENTS = YES;
				CLANG_WARN_EMPTY_BODY = YES;
				CLANG_WARN_ENUM_CONVERSION = YES;
				CLANG_WARN_INFINITE_RECURSION = YES;
				CLANG_WARN_INT_CONVERSION = YES;
				CLANG_WARN_OBJC_ROOT_CLASS = YES_ERROR;
				CLANG_WARN_SUSPICIOUS_MOVE = YES;
				CLANG_WARN_UNREACHABLE_CODE = YES;
				CLANG_WARN__DUPLICATE_METHOD_MATCH = YES;
				"CODE_SIGN_IDENTITY[sdk=iphoneos*]" = "iPhone Developer";
				COPY_PHASE_STRIP = NO;
				DEBUG_INFORMATION_FORMAT = dwarf;
				ENABLE_STRICT_OBJC_MSGSEND = YES;
				ENABLE_TESTABILITY = YES;
				GCC_C_LANGUAGE_STANDARD = gnu99;
				GCC_DYNAMIC_NO_PIC = NO;
				GCC_NO_COMMON_BLOCKS = YES;
				GCC_OPTIMIZATION_LEVEL = 0;
				GCC_PREPROCESSOR_DEFINITIONS = (
					"DEBUG=1",
					"$(inherited)",
				);
				GCC_WARN_64_TO_32_BIT_CONVERSION = YES;
				GCC_WARN_ABOUT_RETURN_TYPE = YES_ERROR;
				GCC_WARN_UNDECLARED_SELECTOR = YES;
				GCC_WARN_UNINITIALIZED_AUTOS = YES_AGGRESSIVE;
				GCC_WARN_UNUSED_FUNCTION = YES;
				GCC_WARN_UNUSED_VARIABLE = YES;
				IPHONEOS_DEPLOYMENT_TARGET = 10.2;
				MTL_ENABLE_DEBUG_INFO = YES;
				ONLY_ACTIVE_ARCH = YES;
				SDKROOT = iphoneos;
				SWIFT_ACTIVE_COMPILATION_CONDITIONS = DEBUG;
				SWIFT_OPTIMIZATION_LEVEL = "-Onone";
			};
			name = Debug;
		};
		846D14001FB78BAC00445D15 /* Release */ = {
			isa = XCBuildConfiguration;
			buildSettings = {
				ALWAYS_SEARCH_USER_PATHS = NO;
				CLANG_ANALYZER_NONNULL = YES;
				CLANG_CXX_LANGUAGE_STANDARD = "gnu++0x";
				CLANG_CXX_LIBRARY = "libc++";
				CLANG_ENABLE_MODULES = YES;
				CLANG_ENABLE_OBJC_ARC = YES;
				CLANG_WARN_BOOL_CONVERSION = YES;
				CLANG_WARN_CONSTANT_CONVERSION = YES;
				CLANG_WARN_DIRECT_OBJC_ISA_USAGE = YES_ERROR;
				CLANG_WARN_DOCUMENTATION_COMMENTS = YES;
				CLANG_WARN_EMPTY_BODY = YES;
				CLANG_WARN_ENUM_CONVERSION = YES;
				CLANG_WARN_INFINITE_RECURSION = YES;
				CLANG_WARN_INT_CONVERSION = YES;
				CLANG_WARN_OBJC_ROOT_CLASS = YES_ERROR;
				CLANG_WARN_SUSPICIOUS_MOVE = YES;
				CLANG_WARN_UNREACHABLE_CODE = YES;
				CLANG_WARN__DUPLICATE_METHOD_MATCH = YES;
				"CODE_SIGN_IDENTITY[sdk=iphoneos*]" = "iPhone Developer";
				COPY_PHASE_STRIP = NO;
				DEBUG_INFORMATION_FORMAT = "dwarf-with-dsym";
				ENABLE_NS_ASSERTIONS = NO;
				ENABLE_STRICT_OBJC_MSGSEND = YES;
				GCC_C_LANGUAGE_STANDARD = gnu99;
				GCC_NO_COMMON_BLOCKS = YES;
				GCC_WARN_64_TO_32_BIT_CONVERSION = YES;
				GCC_WARN_ABOUT_RETURN_TYPE = YES_ERROR;
				GCC_WARN_UNDECLARED_SELECTOR = YES;
				GCC_WARN_UNINITIALIZED_AUTOS = YES_AGGRESSIVE;
				GCC_WARN_UNUSED_FUNCTION = YES;
				GCC_WARN_UNUSED_VARIABLE = YES;
				IPHONEOS_DEPLOYMENT_TARGET = 10.2;
				MTL_ENABLE_DEBUG_INFO = NO;
				SDKROOT = iphoneos;
				SWIFT_OPTIMIZATION_LEVEL = "-Owholemodule";
				VALIDATE_PRODUCT = YES;
			};
			name = Release;
		};
		846D14021FB78BAC00445D15 /* Debug */ = {
			isa = XCBuildConfiguration;
			baseConfigurationReference = D016B3BEE5CFFEE3DB9F0F42 /* Pods-Tumblr.debug.xcconfig */;
			buildSettings = {
				ASSETCATALOG_COMPILER_APPICON_NAME = AppIcon;
				INFOPLIST_FILE = Tumblr/Info.plist;
				LD_RUNPATH_SEARCH_PATHS = "$(inherited) @executable_path/Frameworks";
				PRODUCT_BUNDLE_IDENTIFIER = com.Tumblr;
				PRODUCT_NAME = "$(TARGET_NAME)";
				SWIFT_VERSION = 3.0;
			};
			name = Debug;
		};
		846D14031FB78BAC00445D15 /* Release */ = {
			isa = XCBuildConfiguration;
			baseConfigurationReference = 54A55D42DA19D054105A5E60 /* Pods-Tumblr.release.xcconfig */;
			buildSettings = {
				ASSETCATALOG_COMPILER_APPICON_NAME = AppIcon;
				INFOPLIST_FILE = Tumblr/Info.plist;
				LD_RUNPATH_SEARCH_PATHS = "$(inherited) @executable_path/Frameworks";
				PRODUCT_BUNDLE_IDENTIFIER = com.Tumblr;
				PRODUCT_NAME = "$(TARGET_NAME)";
				SWIFT_VERSION = 3.0;
			};
			name = Release;
		};
/* End XCBuildConfiguration section */

/* Begin XCConfigurationList section */
		846D13EA1FB78BAA00445D15 /* Build configuration list for PBXProject "Tumblr" */ = {
			isa = XCConfigurationList;
			buildConfigurations = (
				846D13FF1FB78BAC00445D15 /* Debug */,
				846D14001FB78BAC00445D15 /* Release */,
			);
			defaultConfigurationIsVisible = 0;
			defaultConfigurationName = Release;
		};
		846D14011FB78BAC00445D15 /* Build configuration list for PBXNativeTarget "Tumblr" */ = {
			isa = XCConfigurationList;
			buildConfigurations = (
				846D14021FB78BAC00445D15 /* Debug */,
				846D14031FB78BAC00445D15 /* Release */,
			);
			defaultConfigurationIsVisible = 0;
			defaultConfigurationName = Release;
		};
/* End XCConfigurationList section */
	};
	rootObject = 846D13E71FB78BAA00445D15 /* Project object */;
}
